
Microsoft Visual Studio Solution File, Format Version 12.00
# Visual Studio Version 16
VisualStudioVersion = 16.0.33214.272
MinimumVisualStudioVersion = 10.0.40219.1
Project("{FAE04EC0-301F-11D3-BF4B-00C04F79EFBC}") = "Api_NET5", "Api_NET5\Api_NET5.csproj", "{F2EFAFFC-AFFA-4045-99C2-21FC9F45D51F}"
EndProject
Global
	GlobalSection(SolutionConfigurationPlatforms) = preSolution
		Debug|Any CPU = Debug|Any CPU
		Release|Any CPU = Release|Any CPU
	EndGlobalSection
	GlobalSection(ProjectConfigurationPlatforms) = postSolution
		{F2EFAFFC-AFFA-4045-99C2-21FC9F45D51F}.Debug|Any CPU.ActiveCfg = Debug|Any CPU
		{F2EFAFFC-AFFA-4045-99C2-21FC9F45D51F}.Debug|Any CPU.Build.0 = Debug|Any CPU
		{F2EFAFFC-AFFA-4045-99C2-21FC9F45D51F}.Release|Any CPU.ActiveCfg = Release|Any CPU
		{F2EFAFFC-AFFA-4045-99C2-21FC9F45D51F}.Release|Any CPU.Build.0 = Release|Any CPU
	EndGlobalSection
	GlobalSection(SolutionProperties) = preSolution
		HideSolutionNode = FALSE
	EndGlobalSection
	GlobalSection(ExtensibilityGlobals) = postSolution
		SolutionGuid = {D91A6E74-E7F9-4BEB-BEBF-0AC704B157F4}
	EndGlobalSection
EndGlobal
